
Microsoft Visual Studio Solution File, Format Version 12.00
# Visual Studio 15
VisualStudioVersion = 15.0.27703.2035
MinimumVisualStudioVersion = 10.0.40219.1
Project("{FAE04EC0-301F-11D3-BF4B-00C04F79EFBC}") = "Library_webservice", "Library_webservice\Library_webservice.csproj", "{0AC646CD-07EC-4167-8DDC-2EC34C1CD568}"
EndProject
Project("{FAE04EC0-301F-11D3-BF4B-00C04F79EFBC}") = "Library_data", "Library_data\Library_data.csproj", "{97C2848E-C72F-4AC9-8420-8E5B7A11121E}"
EndProject
Project("{FAE04EC0-301F-11D3-BF4B-00C04F79EFBC}") = "UnitTest_library", "UnitTest_library\UnitTest_library.csproj", "{CE0444E0-4C03-45DE-AA57-E9BC04730348}"
EndProject
Project("{FAE04EC0-301F-11D3-BF4B-00C04F79EFBC}") = "Library_frontend", "Library_frontend\Library_frontend.csproj", "{471193DD-89B3-41F6-982C-67BE355CDFF5}"
EndProject
Global
	GlobalSection(SolutionConfigurationPlatforms) = preSolution
		Debug|Any CPU = Debug|Any CPU
		Release|Any CPU = Release|Any CPU
	EndGlobalSection
	GlobalSection(ProjectConfigurationPlatforms) = postSolution
		{0AC646CD-07EC-4167-8DDC-2EC34C1CD568}.Debug|Any CPU.ActiveCfg = Debug|Any CPU
		{0AC646CD-07EC-4167-8DDC-2EC34C1CD568}.Debug|Any CPU.Build.0 = Debug|Any CPU
		{0AC646CD-07EC-4167-8DDC-2EC34C1CD568}.Release|Any CPU.ActiveCfg = Release|Any CPU
		{0AC646CD-07EC-4167-8DDC-2EC34C1CD568}.Release|Any CPU.Build.0 = Release|Any CPU
		{97C2848E-C72F-4AC9-8420-8E5B7A11121E}.Debug|Any CPU.ActiveCfg = Debug|Any CPU
		{97C2848E-C72F-4AC9-8420-8E5B7A11121E}.Debug|Any CPU.Build.0 = Debug|Any CPU
		{97C2848E-C72F-4AC9-8420-8E5B7A11121E}.Release|Any CPU.ActiveCfg = Release|Any CPU
		{97C2848E-C72F-4AC9-8420-8E5B7A11121E}.Release|Any CPU.Build.0 = Release|Any CPU
		{CE0444E0-4C03-45DE-AA57-E9BC04730348}.Debug|Any CPU.ActiveCfg = Debug|Any CPU
		{CE0444E0-4C03-45DE-AA57-E9BC04730348}.Debug|Any CPU.Build.0 = Debug|Any CPU
		{CE0444E0-4C03-45DE-AA57-E9BC04730348}.Release|Any CPU.ActiveCfg = Release|Any CPU
		{CE0444E0-4C03-45DE-AA57-E9BC04730348}.Release|Any CPU.Build.0 = Release|Any CPU
		{471193DD-89B3-41F6-982C-67BE355CDFF5}.Debug|Any CPU.ActiveCfg = Debug|Any CPU
		{471193DD-89B3-41F6-982C-67BE355CDFF5}.Debug|Any CPU.Build.0 = Debug|Any CPU
		{471193DD-89B3-41F6-982C-67BE355CDFF5}.Release|Any CPU.ActiveCfg = Release|Any CPU
		{471193DD-89B3-41F6-982C-67BE355CDFF5}.Release|Any CPU.Build.0 = Release|Any CPU
	EndGlobalSection
	GlobalSection(SolutionProperties) = preSolution
		HideSolutionNode = FALSE
	EndGlobalSection
	GlobalSection(ExtensibilityGlobals) = postSolution
		SolutionGuid = {E53093EE-252A-45B8-96A3-0FAF2CE09C72}
	EndGlobalSection
EndGlobal
